
Microsoft Visual Studio Solution File, Format Version 12.00
# Visual Studio Version 17
VisualStudioVersion = 17.0.31903.59
MinimumVisualStudioVersion = 10.0.40219.1
Project("{00D1A9C2-B5F0-4AF3-8072-F6C62B433612}") = "Database", "src\Database\Database.sqlproj", "{B50CBA36-FEC5-477C-86D3-E0B9D8B5771C}"
EndProject
Project("{FAE04EC0-301F-11D3-BF4B-00C04F79EFBC}") = "Benchmarks", "src\Benchmarks\Benchmarks.csproj", "{68DB13C6-C2AC-4736-8FC2-2A19815FF2B3}"
EndProject
Global
	GlobalSection(SolutionConfigurationPlatforms) = preSolution
		Debug|Any CPU = Debug|Any CPU
		Release|Any CPU = Release|Any CPU
	EndGlobalSection
	GlobalSection(ProjectConfigurationPlatforms) = postSolution
		{B50CBA36-FEC5-477C-86D3-E0B9D8B5771C}.Debug|Any CPU.ActiveCfg = Debug|Any CPU
		{B50CBA36-FEC5-477C-86D3-E0B9D8B5771C}.Debug|Any CPU.Build.0 = Debug|Any CPU
		{B50CBA36-FEC5-477C-86D3-E0B9D8B5771C}.Debug|Any CPU.Deploy.0 = Debug|Any CPU
		{B50CBA36-FEC5-477C-86D3-E0B9D8B5771C}.Release|Any CPU.ActiveCfg = Release|Any CPU
		{B50CBA36-FEC5-477C-86D3-E0B9D8B5771C}.Release|Any CPU.Build.0 = Release|Any CPU
		{B50CBA36-FEC5-477C-86D3-E0B9D8B5771C}.Release|Any CPU.Deploy.0 = Release|Any CPU
		{68DB13C6-C2AC-4736-8FC2-2A19815FF2B3}.Debug|Any CPU.ActiveCfg = Debug|Any CPU
		{68DB13C6-C2AC-4736-8FC2-2A19815FF2B3}.Debug|Any CPU.Build.0 = Debug|Any CPU
		{68DB13C6-C2AC-4736-8FC2-2A19815FF2B3}.Release|Any CPU.ActiveCfg = Release|Any CPU
		{68DB13C6-C2AC-4736-8FC2-2A19815FF2B3}.Release|Any CPU.Build.0 = Release|Any CPU
	EndGlobalSection
	GlobalSection(SolutionProperties) = preSolution
		HideSolutionNode = FALSE
	EndGlobalSection
	GlobalSection(ExtensibilityGlobals) = postSolution
		SolutionGuid = {C3DA3809-6BAE-40F7-94F0-28B9DD453A5E}
	EndGlobalSection
EndGlobal
